Microsoft Visual Studio Solution File, Format Version 12.00
# Visual Studio Version 17
VisualStudioVersion = 17.5.2.0
MinimumVisualStudioVersion = 10.0.40219.1
Project("{FAE04EC0-301F-11D3-BF4B-00C04F79EFBC}") = "WebSpark.Core", "WebSpark.Core.csproj", "{61A4B8E9-6878-00C7-01CD-4EFA6C66D4D4}"
EndProject
Global
	GlobalSection(SolutionConfigurationPlatforms) = preSolution
		Debug|Any CPU = Debug|Any CPU
		Release|Any CPU = Release|Any CPU
	EndGlobalSection
	GlobalSection(ProjectConfigurationPlatforms) = postSolution
		{61A4B8E9-6878-00C7-01CD-4EFA6C66D4D4}.Debug|Any CPU.ActiveCfg = Debug|Any CPU
		{61A4B8E9-6878-00C7-01CD-4EFA6C66D4D4}.Debug|Any CPU.Build.0 = Debug|Any CPU
		{61A4B8E9-6878-00C7-01CD-4EFA6C66D4D4}.Release|Any CPU.ActiveCfg = Release|Any CPU
		{61A4B8E9-6878-00C7-01CD-4EFA6C66D4D4}.Release|Any CPU.Build.0 = Release|Any CPU
	EndGlobalSection
	GlobalSection(SolutionProperties) = preSolution
		HideSolutionNode = FALSE
	EndGlobalSection
	GlobalSection(ExtensibilityGlobals) = postSolution
		SolutionGuid = {0C15D614-6D35-4743-97DA-B0E4C553366C}
	EndGlobalSection
EndGlobal
