
Microsoft Visual Studio Solution File, Format Version 12.00
# Visual Studio Version 17
VisualStudioVersion = 17.13.35723.152 d17.13
MinimumVisualStudioVersion = 10.0.40219.1
Project("{FAE04EC0-301F-11D3-BF4B-00C04F79EFBC}") = "ShareSmallBiz.Portal", "ShareSmallBiz.Portal\ShareSmallBiz.Portal.csproj", "{59CD6D91-D888-2C46-5CC1-DB55D6365ED5}"
EndProject
Project("{FAE04EC0-301F-11D3-BF4B-00C04F79EFBC}") = "HttpClientUtility", "HttpClientUtility\HttpClientUtility.csproj", "{0977C251-CE04-18CE-E940-261FB651B3FC}"
EndProject
Project("{FAE04EC0-301F-11D3-BF4B-00C04F79EFBC}") = "WebSpark.Bootswatch", "WebSpark.Bootswatch\WebSpark.Bootswatch.csproj", "{4D37D0B3-0BD4-FC00-6E5A-1ED4664D3DF3}"
EndProject
Global
	GlobalSection(SolutionConfigurationPlatforms) = preSolution
		Debug|Any CPU = Debug|Any CPU
		Release|Any CPU = Release|Any CPU
	EndGlobalSection
	GlobalSection(ProjectConfigurationPlatforms) = postSolution
		{59CD6D91-D888-2C46-5CC1-DB55D6365ED5}.Debug|Any CPU.ActiveCfg = Debug|Any CPU
		{59CD6D91-D888-2C46-5CC1-DB55D6365ED5}.Debug|Any CPU.Build.0 = Debug|Any CPU
		{59CD6D91-D888-2C46-5CC1-DB55D6365ED5}.Release|Any CPU.ActiveCfg = Release|Any CPU
		{59CD6D91-D888-2C46-5CC1-DB55D6365ED5}.Release|Any CPU.Build.0 = Release|Any CPU
		{0977C251-CE04-18CE-E940-261FB651B3FC}.Debug|Any CPU.ActiveCfg = Debug|Any CPU
		{0977C251-CE04-18CE-E940-261FB651B3FC}.Debug|Any CPU.Build.0 = Debug|Any CPU
		{0977C251-CE04-18CE-E940-261FB651B3FC}.Release|Any CPU.ActiveCfg = Release|Any CPU
		{0977C251-CE04-18CE-E940-261FB651B3FC}.Release|Any CPU.Build.0 = Release|Any CPU
		{4D37D0B3-0BD4-FC00-6E5A-1ED4664D3DF3}.Debug|Any CPU.ActiveCfg = Debug|Any CPU
		{4D37D0B3-0BD4-FC00-6E5A-1ED4664D3DF3}.Debug|Any CPU.Build.0 = Debug|Any CPU
		{4D37D0B3-0BD4-FC00-6E5A-1ED4664D3DF3}.Release|Any CPU.ActiveCfg = Release|Any CPU
		{4D37D0B3-0BD4-FC00-6E5A-1ED4664D3DF3}.Release|Any CPU.Build.0 = Release|Any CPU
	EndGlobalSection
	GlobalSection(SolutionProperties) = preSolution
		HideSolutionNode = FALSE
	EndGlobalSection
	GlobalSection(ExtensibilityGlobals) = postSolution
		SolutionGuid = {3F6BFFD2-C5DC-49E6-A342-EFF9F4B14856}
	EndGlobalSection
EndGlobal
