
Microsoft Visual Studio Solution File, Format Version 12.00
# Visual Studio Version 17
VisualStudioVersion = 17.11.35017.193
MinimumVisualStudioVersion = 10.0.40219.1
Project("{9A19103F-16F7-4668-BE54-9A1E7A4F7556}") = "HttpClientUtility", "HttpClientUtility\HttpClientUtility.csproj", "{8FCAEF9A-D8A7-4F6A-9CA9-400A246591D3}"
EndProject
Project("{9A19103F-16F7-4668-BE54-9A1E7A4F7556}") = "WebSpark.Bootswatch", "WebSpark.Bootswatch\WebSpark.Bootswatch.csproj", "{F6EF2571-B88C-4F19-84E9-0DD2FCE922E6}"
EndProject
Project("{9A19103F-16F7-4668-BE54-9A1E7A4F7556}") = "WebSpark.Core", "WebSpark.Core\WebSpark.Core.csproj", "{72037BCF-A20C-41E3-B8F7-387EF5EE429D}"
EndProject
Project("{9A19103F-16F7-4668-BE54-9A1E7A4F7556}") = "WebSpark.UserIdentity", "WebSpark.UserIdentity\WebSpark.UserIdentity.csproj", "{2963B9DB-B81A-4B88-A92F-C3F7D7033E94}"
EndProject
Project("{9A19103F-16F7-4668-BE54-9A1E7A4F7556}") = "WebSpark.RecipeCookbook", "WebSpark.RecipeCoookbook\WebSpark.RecipeCookbook.csproj", "{9BF4918C-CFB5-4077-9FB5-D804720259BA}"
EndProject
Project("{9A19103F-16F7-4668-BE54-9A1E7A4F7556}") = "WebSpark.Web", "WebSpark.Web\WebSpark.Web.csproj", "{2CEE0D3D-B5AD-4C46-B25D-2E3034851E8D}"
EndProject
Project("{2150E333-8FDC-42A3-9474-1A3956D46DE8}") = "Libraries", "Libraries", "{83E5AC53-6F44-4CDB-9127-01082E0D143F}"
EndProject
Project("{9A19103F-16F7-4668-BE54-9A1E7A4F7556}") = "WebSpark.Portal", "WebSpark.Portal\WebSpark.Portal.csproj", "{8629E691-74D3-49DB-9EB3-B95CF5F11CF5}"
EndProject
Project("{9A19103F-16F7-4668-BE54-9A1E7A4F7556}") = "WebSpark.SharedKernel", "WebSpark.SharedKernel\WebSpark.SharedKernel.csproj", "{2D0F6727-B391-4EFA-9C7E-FC3B0A2F1198}"
EndProject
Project("{9A19103F-16F7-4668-BE54-9A1E7A4F7556}") = "PromptSpark.Domain", "PromptSpark.Domain\PromptSpark.Domain.csproj", "{7A6C8941-FBF9-487C-88EB-3D4965881B7A}"
EndProject
Project("{FAE04EC0-301F-11D3-BF4B-00C04F79EFBC}") = "OpenWeatherMapClient", "OpenWeatherMapClient\OpenWeatherMapClient.csproj", "{32C4C6A4-1846-47DD-890D-96953AE283E0}"
EndProject
Project("{FAE04EC0-301F-11D3-BF4B-00C04F79EFBC}") = "HttpClientCrawler", "HttpClientCrawler\HttpClientCrawler.csproj", "{6308CBE4-3388-4FA1-95CC-0AC1F1216204}"
EndProject
Project("{FAE04EC0-301F-11D3-BF4B-00C04F79EFBC}") = "TriviaSpark.Domain", "TriviaSpark.Domain\TriviaSpark.Domain.csproj", "{FC8AF618-B2F6-4971-AE36-8F6E56C3A8FB}"
EndProject
Project("{FAE04EC0-301F-11D3-BF4B-00C04F79EFBC}") = "InquirySpark.Domain", "InquirySpark.Domain\InquirySpark.Domain.csproj", "{A3ACA568-5823-4AD5-8F32-35DCA46B5322}"
EndProject
Project("{FAE04EC0-301F-11D3-BF4B-00C04F79EFBC}") = "TriviaSpark.JShow", "TriviaSpark.JShow\TriviaSpark.JShow.csproj", "{B7520185-F7A0-4D6F-B21A-B3AD8CECD4EC}"
EndProject
Project("{FAE04EC0-301F-11D3-BF4B-00C04F79EFBC}") = "PromptSpark.SchemaTest", "PromptSpark.SchemaTest\PromptSpark.SchemaTest.csproj", "{B0FB1BAA-53FE-412A-8D3F-115ADB1D4C0F}"
EndProject
Project("{FAE04EC0-301F-11D3-BF4B-00C04F79EFBC}") = "PromptSpark.Chat", "PromptSpark.Chat\PromptSpark.Chat.csproj", "{DD5E9D0F-5B02-4888-B439-F029BD14948B}"
EndProject
Project("{2150E333-8FDC-42A3-9474-1A3956D46DE8}") = "Testing", "Testing", "{02EA681E-C7D8-13C7-8484-4AC65E1B71E8}"
EndProject
Project("{FAE04EC0-301F-11D3-BF4B-00C04F79EFBC}") = "PromptSpark.Recipe.Console", "PromptSpark.Recipe.Console\PromptSpark.Recipe.Console.csproj", "{5684BF6A-FDFF-8909-D236-9A50AF92BE85}"
EndProject
Project("{FAE04EC0-301F-11D3-BF4B-00C04F79EFBC}") = "DocSpark", "DocSpark\DocSpark.csproj", "{A29C8377-71D2-66D6-68AC-FB1F9ACAD22A}"
EndProject
Global
	GlobalSection(SolutionConfigurationPlatforms) = preSolution
		Debug|Any CPU = Debug|Any CPU
		Release|Any CPU = Release|Any CPU
	EndGlobalSection
	GlobalSection(ProjectConfigurationPlatforms) = postSolution
		{8FCAEF9A-D8A7-4F6A-9CA9-400A246591D3}.Debug|Any CPU.ActiveCfg = Debug|Any CPU
		{8FCAEF9A-D8A7-4F6A-9CA9-400A246591D3}.Debug|Any CPU.Build.0 = Debug|Any CPU
		{8FCAEF9A-D8A7-4F6A-9CA9-400A246591D3}.Release|Any CPU.ActiveCfg = Release|Any CPU
		{8FCAEF9A-D8A7-4F6A-9CA9-400A246591D3}.Release|Any CPU.Build.0 = Release|Any CPU
		{F6EF2571-B88C-4F19-84E9-0DD2FCE922E6}.Debug|Any CPU.ActiveCfg = Debug|Any CPU
		{F6EF2571-B88C-4F19-84E9-0DD2FCE922E6}.Debug|Any CPU.Build.0 = Debug|Any CPU
		{F6EF2571-B88C-4F19-84E9-0DD2FCE922E6}.Release|Any CPU.ActiveCfg = Release|Any CPU
		{F6EF2571-B88C-4F19-84E9-0DD2FCE922E6}.Release|Any CPU.Build.0 = Release|Any CPU
		{72037BCF-A20C-41E3-B8F7-387EF5EE429D}.Debug|Any CPU.ActiveCfg = Debug|Any CPU
		{72037BCF-A20C-41E3-B8F7-387EF5EE429D}.Debug|Any CPU.Build.0 = Debug|Any CPU
		{72037BCF-A20C-41E3-B8F7-387EF5EE429D}.Release|Any CPU.ActiveCfg = Release|Any CPU
		{72037BCF-A20C-41E3-B8F7-387EF5EE429D}.Release|Any CPU.Build.0 = Release|Any CPU
		{2963B9DB-B81A-4B88-A92F-C3F7D7033E94}.Debug|Any CPU.ActiveCfg = Debug|Any CPU
		{2963B9DB-B81A-4B88-A92F-C3F7D7033E94}.Debug|Any CPU.Build.0 = Debug|Any CPU
		{2963B9DB-B81A-4B88-A92F-C3F7D7033E94}.Release|Any CPU.ActiveCfg = Release|Any CPU
		{2963B9DB-B81A-4B88-A92F-C3F7D7033E94}.Release|Any CPU.Build.0 = Release|Any CPU
		{9BF4918C-CFB5-4077-9FB5-D804720259BA}.Debug|Any CPU.ActiveCfg = Debug|Any CPU
		{9BF4918C-CFB5-4077-9FB5-D804720259BA}.Debug|Any CPU.Build.0 = Debug|Any CPU
		{9BF4918C-CFB5-4077-9FB5-D804720259BA}.Release|Any CPU.ActiveCfg = Release|Any CPU
		{9BF4918C-CFB5-4077-9FB5-D804720259BA}.Release|Any CPU.Build.0 = Release|Any CPU
		{2CEE0D3D-B5AD-4C46-B25D-2E3034851E8D}.Debug|Any CPU.ActiveCfg = Debug|Any CPU
		{2CEE0D3D-B5AD-4C46-B25D-2E3034851E8D}.Debug|Any CPU.Build.0 = Debug|Any CPU
		{2CEE0D3D-B5AD-4C46-B25D-2E3034851E8D}.Release|Any CPU.ActiveCfg = Release|Any CPU
		{2CEE0D3D-B5AD-4C46-B25D-2E3034851E8D}.Release|Any CPU.Build.0 = Release|Any CPU
		{8629E691-74D3-49DB-9EB3-B95CF5F11CF5}.Debug|Any CPU.ActiveCfg = Debug|Any CPU
		{8629E691-74D3-49DB-9EB3-B95CF5F11CF5}.Debug|Any CPU.Build.0 = Debug|Any CPU
		{8629E691-74D3-49DB-9EB3-B95CF5F11CF5}.Release|Any CPU.ActiveCfg = Release|Any CPU
		{8629E691-74D3-49DB-9EB3-B95CF5F11CF5}.Release|Any CPU.Build.0 = Release|Any CPU
		{2D0F6727-B391-4EFA-9C7E-FC3B0A2F1198}.Debug|Any CPU.ActiveCfg = Debug|Any CPU
		{2D0F6727-B391-4EFA-9C7E-FC3B0A2F1198}.Debug|Any CPU.Build.0 = Debug|Any CPU
		{2D0F6727-B391-4EFA-9C7E-FC3B0A2F1198}.Release|Any CPU.ActiveCfg = Release|Any CPU
		{2D0F6727-B391-4EFA-9C7E-FC3B0A2F1198}.Release|Any CPU.Build.0 = Release|Any CPU
		{7A6C8941-FBF9-487C-88EB-3D4965881B7A}.Debug|Any CPU.ActiveCfg = Debug|Any CPU
		{7A6C8941-FBF9-487C-88EB-3D4965881B7A}.Debug|Any CPU.Build.0 = Debug|Any CPU
		{7A6C8941-FBF9-487C-88EB-3D4965881B7A}.Release|Any CPU.ActiveCfg = Release|Any CPU
		{7A6C8941-FBF9-487C-88EB-3D4965881B7A}.Release|Any CPU.Build.0 = Release|Any CPU
		{32C4C6A4-1846-47DD-890D-96953AE283E0}.Debug|Any CPU.ActiveCfg = Debug|Any CPU
		{32C4C6A4-1846-47DD-890D-96953AE283E0}.Debug|Any CPU.Build.0 = Debug|Any CPU
		{32C4C6A4-1846-47DD-890D-96953AE283E0}.Release|Any CPU.ActiveCfg = Release|Any CPU
		{32C4C6A4-1846-47DD-890D-96953AE283E0}.Release|Any CPU.Build.0 = Release|Any CPU
		{6308CBE4-3388-4FA1-95CC-0AC1F1216204}.Debug|Any CPU.ActiveCfg = Debug|Any CPU
		{6308CBE4-3388-4FA1-95CC-0AC1F1216204}.Debug|Any CPU.Build.0 = Debug|Any CPU
		{6308CBE4-3388-4FA1-95CC-0AC1F1216204}.Release|Any CPU.ActiveCfg = Release|Any CPU
		{6308CBE4-3388-4FA1-95CC-0AC1F1216204}.Release|Any CPU.Build.0 = Release|Any CPU
		{FC8AF618-B2F6-4971-AE36-8F6E56C3A8FB}.Debug|Any CPU.ActiveCfg = Debug|Any CPU
		{FC8AF618-B2F6-4971-AE36-8F6E56C3A8FB}.Debug|Any CPU.Build.0 = Debug|Any CPU
		{FC8AF618-B2F6-4971-AE36-8F6E56C3A8FB}.Release|Any CPU.ActiveCfg = Release|Any CPU
		{FC8AF618-B2F6-4971-AE36-8F6E56C3A8FB}.Release|Any CPU.Build.0 = Release|Any CPU
		{A3ACA568-5823-4AD5-8F32-35DCA46B5322}.Debug|Any CPU.ActiveCfg = Debug|Any CPU
		{A3ACA568-5823-4AD5-8F32-35DCA46B5322}.Debug|Any CPU.Build.0 = Debug|Any CPU
		{A3ACA568-5823-4AD5-8F32-35DCA46B5322}.Release|Any CPU.ActiveCfg = Release|Any CPU
		{A3ACA568-5823-4AD5-8F32-35DCA46B5322}.Release|Any CPU.Build.0 = Release|Any CPU
		{B7520185-F7A0-4D6F-B21A-B3AD8CECD4EC}.Debug|Any CPU.ActiveCfg = Debug|Any CPU
		{B7520185-F7A0-4D6F-B21A-B3AD8CECD4EC}.Debug|Any CPU.Build.0 = Debug|Any CPU
		{B7520185-F7A0-4D6F-B21A-B3AD8CECD4EC}.Release|Any CPU.ActiveCfg = Release|Any CPU
		{B7520185-F7A0-4D6F-B21A-B3AD8CECD4EC}.Release|Any CPU.Build.0 = Release|Any CPU
		{B0FB1BAA-53FE-412A-8D3F-115ADB1D4C0F}.Debug|Any CPU.ActiveCfg = Debug|Any CPU
		{B0FB1BAA-53FE-412A-8D3F-115ADB1D4C0F}.Debug|Any CPU.Build.0 = Debug|Any CPU
		{B0FB1BAA-53FE-412A-8D3F-115ADB1D4C0F}.Release|Any CPU.ActiveCfg = Release|Any CPU
		{B0FB1BAA-53FE-412A-8D3F-115ADB1D4C0F}.Release|Any CPU.Build.0 = Release|Any CPU
		{DD5E9D0F-5B02-4888-B439-F029BD14948B}.Debug|Any CPU.ActiveCfg = Debug|Any CPU
		{DD5E9D0F-5B02-4888-B439-F029BD14948B}.Debug|Any CPU.Build.0 = Debug|Any CPU
		{DD5E9D0F-5B02-4888-B439-F029BD14948B}.Release|Any CPU.ActiveCfg = Release|Any CPU
		{DD5E9D0F-5B02-4888-B439-F029BD14948B}.Release|Any CPU.Build.0 = Release|Any CPU
		{5684BF6A-FDFF-8909-D236-9A50AF92BE85}.Debug|Any CPU.ActiveCfg = Debug|Any CPU
		{5684BF6A-FDFF-8909-D236-9A50AF92BE85}.Debug|Any CPU.Build.0 = Debug|Any CPU
		{5684BF6A-FDFF-8909-D236-9A50AF92BE85}.Release|Any CPU.ActiveCfg = Release|Any CPU
		{5684BF6A-FDFF-8909-D236-9A50AF92BE85}.Release|Any CPU.Build.0 = Release|Any CPU
		{A29C8377-71D2-66D6-68AC-FB1F9ACAD22A}.Debug|Any CPU.ActiveCfg = Debug|Any CPU
		{A29C8377-71D2-66D6-68AC-FB1F9ACAD22A}.Debug|Any CPU.Build.0 = Debug|Any CPU
		{A29C8377-71D2-66D6-68AC-FB1F9ACAD22A}.Release|Any CPU.ActiveCfg = Release|Any CPU
		{A29C8377-71D2-66D6-68AC-FB1F9ACAD22A}.Release|Any CPU.Build.0 = Release|Any CPU
	EndGlobalSection
	GlobalSection(SolutionProperties) = preSolution
		HideSolutionNode = FALSE
	EndGlobalSection
	GlobalSection(NestedProjects) = preSolution
		{8FCAEF9A-D8A7-4F6A-9CA9-400A246591D3} = {83E5AC53-6F44-4CDB-9127-01082E0D143F}
		{F6EF2571-B88C-4F19-84E9-0DD2FCE922E6} = {83E5AC53-6F44-4CDB-9127-01082E0D143F}
		{72037BCF-A20C-41E3-B8F7-387EF5EE429D} = {83E5AC53-6F44-4CDB-9127-01082E0D143F}
		{2963B9DB-B81A-4B88-A92F-C3F7D7033E94} = {83E5AC53-6F44-4CDB-9127-01082E0D143F}
		{9BF4918C-CFB5-4077-9FB5-D804720259BA} = {83E5AC53-6F44-4CDB-9127-01082E0D143F}
		{2D0F6727-B391-4EFA-9C7E-FC3B0A2F1198} = {83E5AC53-6F44-4CDB-9127-01082E0D143F}
		{7A6C8941-FBF9-487C-88EB-3D4965881B7A} = {83E5AC53-6F44-4CDB-9127-01082E0D143F}
		{32C4C6A4-1846-47DD-890D-96953AE283E0} = {83E5AC53-6F44-4CDB-9127-01082E0D143F}
		{6308CBE4-3388-4FA1-95CC-0AC1F1216204} = {83E5AC53-6F44-4CDB-9127-01082E0D143F}
		{FC8AF618-B2F6-4971-AE36-8F6E56C3A8FB} = {83E5AC53-6F44-4CDB-9127-01082E0D143F}
		{A3ACA568-5823-4AD5-8F32-35DCA46B5322} = {83E5AC53-6F44-4CDB-9127-01082E0D143F}
		{B7520185-F7A0-4D6F-B21A-B3AD8CECD4EC} = {83E5AC53-6F44-4CDB-9127-01082E0D143F}
		{B0FB1BAA-53FE-412A-8D3F-115ADB1D4C0F} = {02EA681E-C7D8-13C7-8484-4AC65E1B71E8}
		{DD5E9D0F-5B02-4888-B439-F029BD14948B} = {02EA681E-C7D8-13C7-8484-4AC65E1B71E8}
		{5684BF6A-FDFF-8909-D236-9A50AF92BE85} = {02EA681E-C7D8-13C7-8484-4AC65E1B71E8}
		{A29C8377-71D2-66D6-68AC-FB1F9ACAD22A} = {02EA681E-C7D8-13C7-8484-4AC65E1B71E8}
	EndGlobalSection
	GlobalSection(ExtensibilityGlobals) = postSolution
		SolutionGuid = {568FC914-C197-49F3-8CF4-FAB6FD0712B2}
	EndGlobalSection
EndGlobal
