
Microsoft Visual Studio Solution File, Format Version 12.00
# Visual Studio Version 17
VisualStudioVersion = 17.11.35017.193
MinimumVisualStudioVersion = 10.0.40219.1
Project("{9A19103F-16F7-4668-BE54-9A1E7A4F7556}") = "PromptSpark.Domain", "PromptSpark.Domain\PromptSpark.Domain.csproj", "{2661D675-3D3D-443F-9EBB-26C2D63B4233}"
EndProject
Project("{9A19103F-16F7-4668-BE54-9A1E7A4F7556}") = "HttpClientUtility", "HttpClientUtility\HttpClientUtility.csproj", "{8FCAEF9A-D8A7-4F6A-9CA9-400A246591D3}"
EndProject
Project("{9A19103F-16F7-4668-BE54-9A1E7A4F7556}") = "WebSpark.Bootswatch", "WebSpark.Bootswatch\WebSpark.Bootswatch.csproj", "{F6EF2571-B88C-4F19-84E9-0DD2FCE922E6}"
EndProject
Project("{9A19103F-16F7-4668-BE54-9A1E7A4F7556}") = "WebSpark.Domain", "WebSpark.Domain\WebSpark.Domain.csproj", "{DFF4419D-D889-453E-9F34-E214273AF389}"
EndProject
Project("{9A19103F-16F7-4668-BE54-9A1E7A4F7556}") = "WebSpark.Core", "WebSpark.Core\WebSpark.Core.csproj", "{72037BCF-A20C-41E3-B8F7-387EF5EE429D}"
EndProject
Project("{9A19103F-16F7-4668-BE54-9A1E7A4F7556}") = "WebSpark.UserIdentity", "WebSpark.UserIdentity\WebSpark.UserIdentity.csproj", "{2963B9DB-B81A-4B88-A92F-C3F7D7033E94}"
EndProject
Project("{9A19103F-16F7-4668-BE54-9A1E7A4F7556}") = "PromptSpark", "PromptSpark\PromptSpark.csproj", "{22625269-EA13-4227-AA3B-73B3161CA9BB}"
EndProject
Project("{9A19103F-16F7-4668-BE54-9A1E7A4F7556}") = "WebSpark.Prompt", "WebSpark.Prompt\WebSpark.Prompt.csproj", "{B05C49EC-9E92-4C6D-B89E-D22A7669E0C4}"
EndProject
Project("{9A19103F-16F7-4668-BE54-9A1E7A4F7556}") = "WebSpark.RecipeCookbook", "WebSpark.RecipeCoookbook\WebSpark.RecipeCookbook.csproj", "{9BF4918C-CFB5-4077-9FB5-D804720259BA}"
EndProject
Project("{9A19103F-16F7-4668-BE54-9A1E7A4F7556}") = "WebSpark.RecipeManager", "WebSpark.RecipeManager\WebSpark.RecipeManager.csproj", "{2A6FB423-7C82-4D56-9E51-5790B30A40EB}"
EndProject
Project("{9A19103F-16F7-4668-BE54-9A1E7A4F7556}") = "WebSpark.Web", "WebSpark.Web\WebSpark.Web.csproj", "{2CEE0D3D-B5AD-4C46-B25D-2E3034851E8D}"
EndProject
Project("{2150E333-8FDC-42A3-9474-1A3956D46DE8}") = "Libraries", "Libraries", "{83E5AC53-6F44-4CDB-9127-01082E0D143F}"
EndProject
Project("{9A19103F-16F7-4668-BE54-9A1E7A4F7556}") = "WebSpark.Portal", "WebSpark.Portal\WebSpark.Portal.csproj", "{8629E691-74D3-49DB-9EB3-B95CF5F11CF5}"
EndProject
Project("{FAE04EC0-301F-11D3-BF4B-00C04F79EFBC}") = "WebSpark.SharedKernel", "WebSpark.SharedKernel\WebSpark.SharedKernel.csproj", "{2D0F6727-B391-4EFA-9C7E-FC3B0A2F1198}"
EndProject
Global
	GlobalSection(SolutionConfigurationPlatforms) = preSolution
		Debug|Any CPU = Debug|Any CPU
		Release|Any CPU = Release|Any CPU
	EndGlobalSection
	GlobalSection(ProjectConfigurationPlatforms) = postSolution
		{2661D675-3D3D-443F-9EBB-26C2D63B4233}.Debug|Any CPU.ActiveCfg = Debug|Any CPU
		{2661D675-3D3D-443F-9EBB-26C2D63B4233}.Debug|Any CPU.Build.0 = Debug|Any CPU
		{2661D675-3D3D-443F-9EBB-26C2D63B4233}.Release|Any CPU.ActiveCfg = Release|Any CPU
		{2661D675-3D3D-443F-9EBB-26C2D63B4233}.Release|Any CPU.Build.0 = Release|Any CPU
		{8FCAEF9A-D8A7-4F6A-9CA9-400A246591D3}.Debug|Any CPU.ActiveCfg = Debug|Any CPU
		{8FCAEF9A-D8A7-4F6A-9CA9-400A246591D3}.Debug|Any CPU.Build.0 = Debug|Any CPU
		{8FCAEF9A-D8A7-4F6A-9CA9-400A246591D3}.Release|Any CPU.ActiveCfg = Release|Any CPU
		{8FCAEF9A-D8A7-4F6A-9CA9-400A246591D3}.Release|Any CPU.Build.0 = Release|Any CPU
		{F6EF2571-B88C-4F19-84E9-0DD2FCE922E6}.Debug|Any CPU.ActiveCfg = Debug|Any CPU
		{F6EF2571-B88C-4F19-84E9-0DD2FCE922E6}.Debug|Any CPU.Build.0 = Debug|Any CPU
		{F6EF2571-B88C-4F19-84E9-0DD2FCE922E6}.Release|Any CPU.ActiveCfg = Release|Any CPU
		{F6EF2571-B88C-4F19-84E9-0DD2FCE922E6}.Release|Any CPU.Build.0 = Release|Any CPU
		{DFF4419D-D889-453E-9F34-E214273AF389}.Debug|Any CPU.ActiveCfg = Debug|Any CPU
		{DFF4419D-D889-453E-9F34-E214273AF389}.Debug|Any CPU.Build.0 = Debug|Any CPU
		{DFF4419D-D889-453E-9F34-E214273AF389}.Release|Any CPU.ActiveCfg = Release|Any CPU
		{DFF4419D-D889-453E-9F34-E214273AF389}.Release|Any CPU.Build.0 = Release|Any CPU
		{72037BCF-A20C-41E3-B8F7-387EF5EE429D}.Debug|Any CPU.ActiveCfg = Debug|Any CPU
		{72037BCF-A20C-41E3-B8F7-387EF5EE429D}.Debug|Any CPU.Build.0 = Debug|Any CPU
		{72037BCF-A20C-41E3-B8F7-387EF5EE429D}.Release|Any CPU.ActiveCfg = Release|Any CPU
		{72037BCF-A20C-41E3-B8F7-387EF5EE429D}.Release|Any CPU.Build.0 = Release|Any CPU
		{2963B9DB-B81A-4B88-A92F-C3F7D7033E94}.Debug|Any CPU.ActiveCfg = Debug|Any CPU
		{2963B9DB-B81A-4B88-A92F-C3F7D7033E94}.Debug|Any CPU.Build.0 = Debug|Any CPU
		{2963B9DB-B81A-4B88-A92F-C3F7D7033E94}.Release|Any CPU.ActiveCfg = Release|Any CPU
		{2963B9DB-B81A-4B88-A92F-C3F7D7033E94}.Release|Any CPU.Build.0 = Release|Any CPU
		{22625269-EA13-4227-AA3B-73B3161CA9BB}.Debug|Any CPU.ActiveCfg = Debug|Any CPU
		{22625269-EA13-4227-AA3B-73B3161CA9BB}.Debug|Any CPU.Build.0 = Debug|Any CPU
		{22625269-EA13-4227-AA3B-73B3161CA9BB}.Release|Any CPU.ActiveCfg = Release|Any CPU
		{22625269-EA13-4227-AA3B-73B3161CA9BB}.Release|Any CPU.Build.0 = Release|Any CPU
		{B05C49EC-9E92-4C6D-B89E-D22A7669E0C4}.Debug|Any CPU.ActiveCfg = Debug|Any CPU
		{B05C49EC-9E92-4C6D-B89E-D22A7669E0C4}.Debug|Any CPU.Build.0 = Debug|Any CPU
		{B05C49EC-9E92-4C6D-B89E-D22A7669E0C4}.Release|Any CPU.ActiveCfg = Release|Any CPU
		{B05C49EC-9E92-4C6D-B89E-D22A7669E0C4}.Release|Any CPU.Build.0 = Release|Any CPU
		{9BF4918C-CFB5-4077-9FB5-D804720259BA}.Debug|Any CPU.ActiveCfg = Debug|Any CPU
		{9BF4918C-CFB5-4077-9FB5-D804720259BA}.Debug|Any CPU.Build.0 = Debug|Any CPU
		{9BF4918C-CFB5-4077-9FB5-D804720259BA}.Release|Any CPU.ActiveCfg = Release|Any CPU
		{9BF4918C-CFB5-4077-9FB5-D804720259BA}.Release|Any CPU.Build.0 = Release|Any CPU
		{2A6FB423-7C82-4D56-9E51-5790B30A40EB}.Debug|Any CPU.ActiveCfg = Debug|Any CPU
		{2A6FB423-7C82-4D56-9E51-5790B30A40EB}.Debug|Any CPU.Build.0 = Debug|Any CPU
		{2A6FB423-7C82-4D56-9E51-5790B30A40EB}.Release|Any CPU.ActiveCfg = Release|Any CPU
		{2A6FB423-7C82-4D56-9E51-5790B30A40EB}.Release|Any CPU.Build.0 = Release|Any CPU
		{2CEE0D3D-B5AD-4C46-B25D-2E3034851E8D}.Debug|Any CPU.ActiveCfg = Debug|Any CPU
		{2CEE0D3D-B5AD-4C46-B25D-2E3034851E8D}.Debug|Any CPU.Build.0 = Debug|Any CPU
		{2CEE0D3D-B5AD-4C46-B25D-2E3034851E8D}.Release|Any CPU.ActiveCfg = Release|Any CPU
		{2CEE0D3D-B5AD-4C46-B25D-2E3034851E8D}.Release|Any CPU.Build.0 = Release|Any CPU
		{8629E691-74D3-49DB-9EB3-B95CF5F11CF5}.Debug|Any CPU.ActiveCfg = Debug|Any CPU
		{8629E691-74D3-49DB-9EB3-B95CF5F11CF5}.Debug|Any CPU.Build.0 = Debug|Any CPU
		{8629E691-74D3-49DB-9EB3-B95CF5F11CF5}.Release|Any CPU.ActiveCfg = Release|Any CPU
		{8629E691-74D3-49DB-9EB3-B95CF5F11CF5}.Release|Any CPU.Build.0 = Release|Any CPU
		{2D0F6727-B391-4EFA-9C7E-FC3B0A2F1198}.Debug|Any CPU.ActiveCfg = Debug|Any CPU
		{2D0F6727-B391-4EFA-9C7E-FC3B0A2F1198}.Debug|Any CPU.Build.0 = Debug|Any CPU
		{2D0F6727-B391-4EFA-9C7E-FC3B0A2F1198}.Release|Any CPU.ActiveCfg = Release|Any CPU
		{2D0F6727-B391-4EFA-9C7E-FC3B0A2F1198}.Release|Any CPU.Build.0 = Release|Any CPU
	EndGlobalSection
	GlobalSection(SolutionProperties) = preSolution
		HideSolutionNode = FALSE
	EndGlobalSection
	GlobalSection(NestedProjects) = preSolution
		{2661D675-3D3D-443F-9EBB-26C2D63B4233} = {83E5AC53-6F44-4CDB-9127-01082E0D143F}
		{8FCAEF9A-D8A7-4F6A-9CA9-400A246591D3} = {83E5AC53-6F44-4CDB-9127-01082E0D143F}
		{F6EF2571-B88C-4F19-84E9-0DD2FCE922E6} = {83E5AC53-6F44-4CDB-9127-01082E0D143F}
		{DFF4419D-D889-453E-9F34-E214273AF389} = {83E5AC53-6F44-4CDB-9127-01082E0D143F}
		{72037BCF-A20C-41E3-B8F7-387EF5EE429D} = {83E5AC53-6F44-4CDB-9127-01082E0D143F}
		{2963B9DB-B81A-4B88-A92F-C3F7D7033E94} = {83E5AC53-6F44-4CDB-9127-01082E0D143F}
		{B05C49EC-9E92-4C6D-B89E-D22A7669E0C4} = {83E5AC53-6F44-4CDB-9127-01082E0D143F}
		{9BF4918C-CFB5-4077-9FB5-D804720259BA} = {83E5AC53-6F44-4CDB-9127-01082E0D143F}
		{2A6FB423-7C82-4D56-9E51-5790B30A40EB} = {83E5AC53-6F44-4CDB-9127-01082E0D143F}
		{2D0F6727-B391-4EFA-9C7E-FC3B0A2F1198} = {83E5AC53-6F44-4CDB-9127-01082E0D143F}
	EndGlobalSection
	GlobalSection(ExtensibilityGlobals) = postSolution
		SolutionGuid = {568FC914-C197-49F3-8CF4-FAB6FD0712B2}
	EndGlobalSection
EndGlobal
