
Microsoft Visual Studio Solution File, Format Version 12.00
# Visual Studio Version 17
VisualStudioVersion = 17.5.002.0
MinimumVisualStudioVersion = 10.0.40219.1
Project("{9A19103F-16F7-4668-BE54-9A1E7A4F7556}") = "WebSpark.Main", "WebSpark.Main.csproj", "{D88A6492-8ECD-41CC-8C65-E2FCAB84BFA9}"
EndProject
Global
	GlobalSection(SolutionConfigurationPlatforms) = preSolution
		Debug|Any CPU = Debug|Any CPU
		Release|Any CPU = Release|Any CPU
	EndGlobalSection
	GlobalSection(ProjectConfigurationPlatforms) = postSolution
		{D88A6492-8ECD-41CC-8C65-E2FCAB84BFA9}.Debug|Any CPU.ActiveCfg = Debug|Any CPU
		{D88A6492-8ECD-41CC-8C65-E2FCAB84BFA9}.Debug|Any CPU.Build.0 = Debug|Any CPU
		{D88A6492-8ECD-41CC-8C65-E2FCAB84BFA9}.Release|Any CPU.ActiveCfg = Release|Any CPU
		{D88A6492-8ECD-41CC-8C65-E2FCAB84BFA9}.Release|Any CPU.Build.0 = Release|Any CPU
	EndGlobalSection
	GlobalSection(SolutionProperties) = preSolution
		HideSolutionNode = FALSE
	EndGlobalSection
	GlobalSection(ExtensibilityGlobals) = postSolution
		SolutionGuid = {3CE9E02F-5176-411A-948A-DFC02EE2C877}
	EndGlobalSection
EndGlobal
