
Microsoft Visual Studio Solution File, Format Version 12.00
# Visual Studio Version 17
VisualStudioVersion = 17.13.35617.110 d17.13
MinimumVisualStudioVersion = 10.0.40219.1
Project("{FAE04EC0-301F-11D3-BF4B-00C04F79EFBC}") = "DataSpark.Web", "DataSpark.Web.csproj", "{AB0EB2E7-4FE1-4886-AF7B-D026AFB157C2}"
EndProject
Global
	GlobalSection(SolutionConfigurationPlatforms) = preSolution
		Debug|Any CPU = Debug|Any CPU
		Release|Any CPU = Release|Any CPU
	EndGlobalSection
	GlobalSection(ProjectConfigurationPlatforms) = postSolution
		{AB0EB2E7-4FE1-4886-AF7B-D026AFB157C2}.Debug|Any CPU.ActiveCfg = Debug|Any CPU
		{AB0EB2E7-4FE1-4886-AF7B-D026AFB157C2}.Debug|Any CPU.Build.0 = Debug|Any CPU
		{AB0EB2E7-4FE1-4886-AF7B-D026AFB157C2}.Release|Any CPU.ActiveCfg = Release|Any CPU
		{AB0EB2E7-4FE1-4886-AF7B-D026AFB157C2}.Release|Any CPU.Build.0 = Release|Any CPU
	EndGlobalSection
	GlobalSection(SolutionProperties) = preSolution
		HideSolutionNode = FALSE
	EndGlobalSection
	GlobalSection(ExtensibilityGlobals) = postSolution
		SolutionGuid = {4368683F-7E1F-4055-876B-07AE844AAF99}
	EndGlobalSection
EndGlobal
